// !$*UTF8*$!
{
	archiveVersion = 1;
	classes = {
	};
	objectVersion = 50;
	objects = {

/* Begin PBXBuildFile section */
		911BAC2F20E1D42200CD764C /* AppDelegate.swift in Sources */ = {isa = PBXBuildFile; fileRef = 911BAC2E20E1D42200CD764C /* AppDelegate.swift */; };
		911BAC3120E1D42200CD764C /* ViewController.swift in Sources */ = {isa = PBXBuildFile; fileRef = 911BAC3020E1D42200CD764C /* ViewController.swift */; };
		911BAC3420E1D42200CD764C /* Main.storyboard in Resources */ = {isa = PBXBuildFile; fileRef = 911BAC3220E1D42200CD764C /* Main.storyboard */; };
		911BAC3620E1D42400CD764C /* Assets.xcassets in Resources */ = {isa = PBXBuildFile; fileRef = 911BAC3520E1D42400CD764C /* Assets.xcassets */; };
		911BAC3920E1D42400CD764C /* LaunchScreen.storyboard in Resources */ = {isa = PBXBuildFile; fileRef = 911BAC3720E1D42400CD764C /* LaunchScreen.storyboard */; };
		911BAC4420E1D42400CD764C /* TastefulBeersTests.swift in Sources */ = {isa = PBXBuildFile; fileRef = 911BAC4320E1D42400CD764C /* TastefulBeersTests.swift */; };
/* End PBXBuildFile section */

/* Begin PBXContainerItemProxy section */
		911BAC4020E1D42400CD764C /* PBXContainerItemProxy */ = {
			isa = PBXContainerItemProxy;
			containerPortal = 911BAC2320E1D42200CD764C /* Project object */;
			proxyType = 1;
			remoteGlobalIDString = 911BAC2A20E1D42200CD764C;
			remoteInfo = TastefulBeers;
		};
/* End PBXContainerItemProxy section */

/* Begin PBXFileReference section */
		911BAC2B20E1D42200CD764C /* TastefulBeers.app */ = {isa = PBXFileReference; explicitFileType = wrapper.application; includeInIndex = 0; path = TastefulBeers.app; sourceTree = BUILT_PRODUCTS_DIR; };
		911BAC2E20E1D42200CD764C /* AppDelegate.swift */ = {isa = PBXFileReference; lastKnownFileType = sourcecode.swift; path = AppDelegate.swift; sourceTree = "<group>"; };
		911BAC3020E1D42200CD764C /* ViewController.swift */ = {isa = PBXFileReference; lastKnownFileType = sourcecode.swift; path = ViewController.swift; sourceTree = "<group>"; };
		911BAC3320E1D42200CD764C /* Base */ = {isa = PBXFileReference; lastKnownFileType = file.storyboard; name = Base; path = Base.lproj/Main.storyboard; sourceTree = "<group>"; };
		911BAC3520E1D42400CD764C /* Assets.xcassets */ = {isa = PBXFileReference; lastKnownFileType = folder.assetcatalog; path = Assets.xcassets; sourceTree = "<group>"; };
		911BAC3820E1D42400CD764C /* Base */ = {isa = PBXFileReference; lastKnownFileType = file.storyboard; name = Base; path = Base.lproj/LaunchScreen.storyboard; sourceTree = "<group>"; };
		911BAC3A20E1D42400CD764C /* Info.plist */ = {isa = PBXFileReference; lastKnownFileType = text.plist.xml; path = Info.plist; sourceTree = "<group>"; };
		911BAC3F20E1D42400CD764C /* TastefulBeersTests.xctest */ = {isa = PBXFileReference; explicitFileType = wrapper.cfbundle; includeInIndex = 0; path = TastefulBeersTests.xctest; sourceTree = BUILT_PRODUCTS_DIR; };
		911BAC4320E1D42400CD764C /* TastefulBeersTests.swift */ = {isa = PBXFileReference; lastKnownFileType = sourcecode.swift; path = TastefulBeersTests.swift; sourceTree = "<group>"; };
		911BAC4520E1D42400CD764C /* Info.plist */ = {isa = PBXFileReference; lastKnownFileType = text.plist.xml; path = Info.plist; sourceTree = "<group>"; };
/* End PBXFileReference section */

/* Begin PBXFrameworksBuildPhase section */
		911BAC2820E1D42200CD764C /* Frameworks */ = {
			isa = PBXFrameworksBuildPhase;
			buildActionMask = 2147483647;
			files = (
			);
			runOnlyForDeploymentPostprocessing = 0;
		};
		911BAC3C20E1D42400CD764C /* Frameworks */ = {
			isa = PBXFrameworksBuildPhase;
			buildActionMask = 2147483647;
			files = (
			);
			runOnlyForDeploymentPostprocessing = 0;
		};
/* End PBXFrameworksBuildPhase section */

/* Begin PBXGroup section */
		911BAC2220E1D42200CD764C = {
			isa = PBXGroup;
			children = (
				911BAC2D20E1D42200CD764C /* TastefulBeers */,
				911BAC4220E1D42400CD764C /* TastefulBeersTests */,
				911BAC2C20E1D42200CD764C /* Products */,
			);
			sourceTree = "<group>";
		};
		911BAC2C20E1D42200CD764C /* Products */ = {
			isa = PBXGroup;
			children = (
				911BAC2B20E1D42200CD764C /* TastefulBeers.app */,
				911BAC3F20E1D42400CD764C /* TastefulBeersTests.xctest */,
			);
			name = Products;
			sourceTree = "<group>";
		};
		911BAC2D20E1D42200CD764C /* TastefulBeers */ = {
			isa = PBXGroup;
			children = (
				911BAC2E20E1D42200CD764C /* AppDelegate.swift */,
				911BAC3020E1D42200CD764C /* ViewController.swift */,
				911BAC3220E1D42200CD764C /* Main.storyboard */,
				911BAC3520E1D42400CD764C /* Assets.xcassets */,
				911BAC3720E1D42400CD764C /* LaunchScreen.storyboard */,
				911BAC3A20E1D42400CD764C /* Info.plist */,
			);
			path = TastefulBeers;
			sourceTree = "<group>";
		};
		911BAC4220E1D42400CD764C /* TastefulBeersTests */ = {
			isa = PBXGroup;
			children = (
				911BAC4320E1D42400CD764C /* TastefulBeersTests.swift */,
				911BAC4520E1D42400CD764C /* Info.plist */,
			);
			path = TastefulBeersTests;
			sourceTree = "<group>";
		};
/* End PBXGroup section */

/* Begin PBXNativeTarget section */
		911BAC2A20E1D42200CD764C /* TastefulBeers */ = {
			isa = PBXNativeTarget;
			buildConfigurationList = 911BAC4820E1D42400CD764C /* Build configuration list for PBXNativeTarget "TastefulBeers" */;
			buildPhases = (
				911BAC2720E1D42200CD764C /* Sources */,
				911BAC2820E1D42200CD764C /* Frameworks */,
				911BAC2920E1D42200CD764C /* Resources */,
			);
			buildRules = (
			);
			dependencies = (
			);
			name = TastefulBeers;
			productName = TastefulBeers;
			productReference = 911BAC2B20E1D42200CD764C /* TastefulBeers.app */;
			productType = "com.apple.product-type.application";
		};
		911BAC3E20E1D42400CD764C /* TastefulBeersTests */ = {
			isa = PBXNativeTarget;
			buildConfigurationList = 911BAC4B20E1D42400CD764C /* Build configuration list for PBXNativeTarget "TastefulBeersTests" */;
			buildPhases = (
				911BAC3B20E1D42400CD764C /* Sources */,
				911BAC3C20E1D42400CD764C /* Frameworks */,
				911BAC3D20E1D42400CD764C /* Resources */,
			);
			buildRules = (
			);
			dependencies = (
				911BAC4120E1D42400CD764C /* PBXTargetDependency */,
			);
			name = TastefulBeersTests;
			productName = TastefulBeersTests;
			productReference = 911BAC3F20E1D42400CD764C /* TastefulBeersTests.xctest */;
			productType = "com.apple.product-type.bundle.unit-test";
		};
/* End PBXNativeTarget section */

/* Begin PBXProject section */
		911BAC2320E1D42200CD764C /* Project object */ = {
			isa = PBXProject;
			attributes = {
				LastSwiftUpdateCheck = 0930;
				LastUpgradeCheck = 0930;
				ORGANIZATIONNAME = "Vitor Rodrigues";
				TargetAttributes = {
					911BAC2A20E1D42200CD764C = {
						CreatedOnToolsVersion = 9.3;
					};
					911BAC3E20E1D42400CD764C = {
						CreatedOnToolsVersion = 9.3;
						TestTargetID = 911BAC2A20E1D42200CD764C;
					};
				};
			};
			buildConfigurationList = 911BAC2620E1D42200CD764C /* Build configuration list for PBXProject "TastefulBeers" */;
			compatibilityVersion = "Xcode 9.3";
			developmentRegion = en;
			hasScannedForEncodings = 0;
			knownRegions = (
				en,
				Base,
			);
			mainGroup = 911BAC2220E1D42200CD764C;
			productRefGroup = 911BAC2C20E1D42200CD764C /* Products */;
			projectDirPath = "";
			projectRoot = "";
			targets = (
				911BAC2A20E1D42200CD764C /* TastefulBeers */,
				911BAC3E20E1D42400CD764C /* TastefulBeersTests */,
			);
		};
/* End PBXProject section */

/* Begin PBXResourcesBuildPhase section */
		911BAC2920E1D42200CD764C /* Resources */ = {
			isa = PBXResourcesBuildPhase;
			buildActionMask = 2147483647;
			files = (
				911BAC3920E1D42400CD764C /* LaunchScreen.storyboard in Resources */,
				911BAC3620E1D42400CD764C /* Assets.xcassets in Resources */,
				911BAC3420E1D42200CD764C /* Main.storyboard in Resources */,
			);
			runOnlyForDeploymentPostprocessing = 0;
		};
		911BAC3D20E1D42400CD764C /* Resources */ = {
			isa = PBXResourcesBuildPhase;
			buildActionMask = 2147483647;
			files = (
			);
			runOnlyForDeploymentPostprocessing = 0;
		};
/* End PBXResourcesBuildPhase section */

/* Begin PBXSourcesBuildPhase section */
		911BAC2720E1D42200CD764C /* Sources */ = {
			isa = PBXSourcesBuildPhase;
			buildActionMask = 2147483647;
			files = (
				911BAC3120E1D42200CD764C /* ViewController.swift in Sources */,
				911BAC2F20E1D42200CD764C /* AppDelegate.swift in Sources */,
			);
			runOnlyForDeploymentPostprocessing = 0;
		};
		911BAC3B20E1D42400CD764C /* Sources */ = {
			isa = PBXSourcesBuildPhase;
			buildActionMask = 2147483647;
			files = (
				911BAC4420E1D42400CD764C /* TastefulBeersTests.swift in Sources */,
			);
			runOnlyForDeploymentPostprocessing = 0;
		};
/* End PBXSourcesBuildPhase section */

/* Begin PBXTargetDependency section */
		911BAC4120E1D42400CD764C /* PBXTargetDependency */ = {
			isa = PBXTargetDependency;
			target = 911BAC2A20E1D42200CD764C /* TastefulBeers */;
			targetProxy = 911BAC4020E1D42400CD764C /* PBXContainerItemProxy */;
		};
/* End PBXTargetDependency section */

/* Begin PBXVariantGroup section */
		911BAC3220E1D42200CD764C /* Main.storyboard */ = {
			isa = PBXVariantGroup;
			children = (
				911BAC3320E1D42200CD764C /* Base */,
			);
			name = Main.storyboard;
			sourceTree = "<group>";
		};
		911BAC3720E1D42400CD764C /* LaunchScreen.storyboard */ = {
			isa = PBXVariantGroup;
			children = (
				911BAC3820E1D42400CD764C /* Base */,
			);
			name = LaunchScreen.storyboard;
			sourceTree = "<group>";
		};
/* End PBXVariantGroup section */

/* Begin XCBuildConfiguration section */
		911BAC4620E1D42400CD764C /* Debug */ = {
			isa = XCBuildConfiguration;
			buildSettings = {
				ALWAYS_SEARCH_USER_PATHS = NO;
				CLANG_ANALYZER_NONNULL = YES;
				CLANG_ANALYZER_NUMBER_OBJECT_CONVERSION = YES_AGGRESSIVE;
				CLANG_CXX_LANGUAGE_STANDARD = "gnu++14";
				CLANG_CXX_LIBRARY = "libc++";
				CLANG_ENABLE_MODULES = YES;
				CLANG_ENABLE_OBJC_ARC = YES;
				CLANG_ENABLE_OBJC_WEAK = YES;
				CLANG_WARN_BLOCK_CAPTURE_AUTORELEASING = YES;
				CLANG_WARN_BOOL_CONVERSION = YES;
				CLANG_WARN_COMMA = YES;
				CLANG_WARN_CONSTANT_CONVERSION = YES;
				CLANG_WARN_DEPRECATED_OBJC_IMPLEMENTATIONS = YES;
				CLANG_WARN_DIRECT_OBJC_ISA_USAGE = YES_ERROR;
				CLANG_WARN_DOCUMENTATION_COMMENTS = YES;
				CLANG_WARN_EMPTY_BODY = YES;
				CLANG_WARN_ENUM_CONVERSION = YES;
				CLANG_WARN_INFINITE_RECURSION = YES;
				CLANG_WARN_INT_CONVERSION = YES;
				CLANG_WARN_NON_LITERAL_NULL_CONVERSION = YES;
				CLANG_WARN_OBJC_IMPLICIT_RETAIN_SELF = YES;
				CLANG_WARN_OBJC_LITERAL_CONVERSION = YES;
				CLANG_WARN_OBJC_ROOT_CLASS = YES_ERROR;
				CLANG_WARN_RANGE_LOOP_ANALYSIS = YES;
				CLANG_WARN_STRICT_PROTOTYPES = YES;
				CLANG_WARN_SUSPICIOUS_MOVE = YES;
				CLANG_WARN_UNGUARDED_AVAILABILITY = YES_AGGRESSIVE;
				CLANG_WARN_UNREACHABLE_CODE = YES;
				CLANG_WARN__DUPLICATE_METHOD_MATCH = YES;
				CODE_SIGN_IDENTITY = "iPhone Developer";
				COPY_PHASE_STRIP = NO;
				DEBUG_INFORMATION_FORMAT = dwarf;
				ENABLE_STRICT_OBJC_MSGSEND = YES;
				ENABLE_TESTABILITY = YES;
				GCC_C_LANGUAGE_STANDARD = gnu11;
				GCC_DYNAMIC_NO_PIC = NO;
				GCC_NO_COMMON_BLOCKS = YES;
				GCC_OPTIMIZATION_LEVEL = 0;
				GCC_PREPROCESSOR_DEFINITIONS = (
					"DEBUG=1",
					"$(inherited)",
				);
				GCC_WARN_64_TO_32_BIT_CONVERSION = YES;
				GCC_WARN_ABOUT_RETURN_TYPE = YES_ERROR;
				GCC_WARN_UNDECLARED_SELECTOR = YES;
				GCC_WARN_UNINITIALIZED_AUTOS = YES_AGGRESSIVE;
				GCC_WARN_UNUSED_FUNCTION = YES;
				GCC_WARN_UNUSED_VARIABLE = YES;
				IPHONEOS_DEPLOYMENT_TARGET = 11.3;
				MTL_ENABLE_DEBUG_INFO = YES;
				ONLY_ACTIVE_ARCH = YES;
				SDKROOT = iphoneos;
				SWIFT_ACTIVE_COMPILATION_CONDITIONS = DEBUG;
				SWIFT_OPTIMIZATION_LEVEL = "-Onone";
			};
			name = Debug;
		};
		911BAC4720E1D42400CD764C /* Release */ = {
			isa = XCBuildConfiguration;
			buildSettings = {
				ALWAYS_SEARCH_USER_PATHS = NO;
				CLANG_ANALYZER_NONNULL = YES;
				CLANG_ANALYZER_NUMBER_OBJECT_CONVERSION = YES_AGGRESSIVE;
				CLANG_CXX_LANGUAGE_STANDARD = "gnu++14";
				CLANG_CXX_LIBRARY = "libc++";
				CLANG_ENABLE_MODULES = YES;
				CLANG_ENABLE_OBJC_ARC = YES;
				CLANG_ENABLE_OBJC_WEAK = YES;
				CLANG_WARN_BLOCK_CAPTURE_AUTORELEASING = YES;
				CLANG_WARN_BOOL_CONVERSION = YES;
				CLANG_WARN_COMMA = YES;
				CLANG_WARN_CONSTANT_CONVERSION = YES;
				CLANG_WARN_DEPRECATED_OBJC_IMPLEMENTATIONS = YES;
				CLANG_WARN_DIRECT_OBJC_ISA_USAGE = YES_ERROR;
				CLANG_WARN_DOCUMENTATION_COMMENTS = YES;
				CLANG_WARN_EMPTY_BODY = YES;
				CLANG_WARN_ENUM_CONVERSION = YES;
				CLANG_WARN_INFINITE_RECURSION = YES;
				CLANG_WARN_INT_CONVERSION = YES;
				CLANG_WARN_NON_LITERAL_NULL_CONVERSION = YES;
				CLANG_WARN_OBJC_IMPLICIT_RETAIN_SELF = YES;
				CLANG_WARN_OBJC_LITERAL_CONVERSION = YES;
				CLANG_WARN_OBJC_ROOT_CLASS = YES_ERROR;
				CLANG_WARN_RANGE_LOOP_ANALYSIS = YES;
				CLANG_WARN_STRICT_PROTOTYPES = YES;
				CLANG_WARN_SUSPICIOUS_MOVE = YES;
				CLANG_WARN_UNGUARDED_AVAILABILITY = YES_AGGRESSIVE;
				CLANG_WARN_UNREACHABLE_CODE = YES;
				CLANG_WARN__DUPLICATE_METHOD_MATCH = YES;
				CODE_SIGN_IDENTITY = "iPhone Developer";
				COPY_PHASE_STRIP = NO;
				DEBUG_INFORMATION_FORMAT = "dwarf-with-dsym";
				ENABLE_NS_ASSERTIONS = NO;
				ENABLE_STRICT_OBJC_MSGSEND = YES;
				GCC_C_LANGUAGE_STANDARD = gnu11;
				GCC_NO_COMMON_BLOCKS = YES;
				GCC_WARN_64_TO_32_BIT_CONVERSION = YES;
				GCC_WARN_ABOUT_RETURN_TYPE = YES_ERROR;
				GCC_WARN_UNDECLARED_SELECTOR = YES;
				GCC_WARN_UNINITIALIZED_AUTOS = YES_AGGRESSIVE;
				GCC_WARN_UNUSED_FUNCTION = YES;
				GCC_WARN_UNUSED_VARIABLE = YES;
				IPHONEOS_DEPLOYMENT_TARGET = 11.3;
				MTL_ENABLE_DEBUG_INFO = NO;
				SDKROOT = iphoneos;
				SWIFT_COMPILATION_MODE = wholemodule;
				SWIFT_OPTIMIZATION_LEVEL = "-O";
				VALIDATE_PRODUCT = YES;
			};
			name = Release;
		};
		911BAC4920E1D42400CD764C /* Debug */ = {
			isa = XCBuildConfiguration;
			buildSettings = {
				ASSETCATALOG_COMPILER_APPICON_NAME = AppIcon;
				CODE_SIGN_STYLE = Automatic;
				DEVELOPMENT_TEAM = EL4SH69XY3;
				INFOPLIST_FILE = TastefulBeers/Info.plist;
				LD_RUNPATH_SEARCH_PATHS = (
					"$(inherited)",
					"@executable_path/Frameworks",
				);
				PRODUCT_BUNDLE_IDENTIFIER = br.com.vitorrodrigues.work.pagseguro.TastefulBeers;
				PRODUCT_NAME = "$(TARGET_NAME)";
				SWIFT_VERSION = 4.0;
				TARGETED_DEVICE_FAMILY = "1,2";
			};
			name = Debug;
		};
		911BAC4A20E1D42400CD764C /* Release */ = {
			isa = XCBuildConfiguration;
			buildSettings = {
				ASSETCATALOG_COMPILER_APPICON_NAME = AppIcon;
				CODE_SIGN_STYLE = Automatic;
				DEVELOPMENT_TEAM = EL4SH69XY3;
				INFOPLIST_FILE = TastefulBeers/Info.plist;
				LD_RUNPATH_SEARCH_PATHS = (
					"$(inherited)",
					"@executable_path/Frameworks",
				);
				PRODUCT_BUNDLE_IDENTIFIER = br.com.vitorrodrigues.work.pagseguro.TastefulBeers;
				PRODUCT_NAME = "$(TARGET_NAME)";
				SWIFT_VERSION = 4.0;
				TARGETED_DEVICE_FAMILY = "1,2";
			};
			name = Release;
		};
		911BAC4C20E1D42400CD764C /* Debug */ = {
			isa = XCBuildConfiguration;
			buildSettings = {
				ALWAYS_EMBED_SWIFT_STANDARD_LIBRARIES = YES;
				BUNDLE_LOADER = "$(TEST_HOST)";
				CODE_SIGN_STYLE = Automatic;
				DEVELOPMENT_TEAM = EL4SH69XY3;
				INFOPLIST_FILE = TastefulBeersTests/Info.plist;
				LD_RUNPATH_SEARCH_PATHS = (
					"$(inherited)",
					"@executable_path/Frameworks",
					"@loader_path/Frameworks",
				);
				PRODUCT_BUNDLE_IDENTIFIER = br.com.vitorrodrigues.work.pagseguro.TastefulBeersTests;
				PRODUCT_NAME = "$(TARGET_NAME)";
				SWIFT_VERSION = 4.0;
				TARGETED_DEVICE_FAMILY = "1,2";
				TEST_HOST = "$(BUILT_PRODUCTS_DIR)/TastefulBeers.app/TastefulBeers";
			};
			name = Debug;
		};
		911BAC4D20E1D42400CD764C /* Release */ = {
			isa = XCBuildConfiguration;
			buildSettings = {
				ALWAYS_EMBED_SWIFT_STANDARD_LIBRARIES = YES;
				BUNDLE_LOADER = "$(TEST_HOST)";
				CODE_SIGN_STYLE = Automatic;
				DEVELOPMENT_TEAM = EL4SH69XY3;
				INFOPLIST_FILE = TastefulBeersTests/Info.plist;
				LD_RUNPATH_SEARCH_PATHS = (
					"$(inherited)",
					"@executable_path/Frameworks",
					"@loader_path/Frameworks",
				);
				PRODUCT_BUNDLE_IDENTIFIER = br.com.vitorrodrigues.work.pagseguro.TastefulBeersTests;
				PRODUCT_NAME = "$(TARGET_NAME)";
				SWIFT_VERSION = 4.0;
				TARGETED_DEVICE_FAMILY = "1,2";
				TEST_HOST = "$(BUILT_PRODUCTS_DIR)/TastefulBeers.app/TastefulBeers";
			};
			name = Release;
		};
/* End XCBuildConfiguration section */

/* Begin XCConfigurationList section */
		911BAC2620E1D42200CD764C /* Build configuration list for PBXProject "TastefulBeers" */ = {
			isa = XCConfigurationList;
			buildConfigurations = (
				911BAC4620E1D42400CD764C /* Debug */,
				911BAC4720E1D42400CD764C /* Release */,
			);
			defaultConfigurationIsVisible = 0;
			defaultConfigurationName = Release;
		};
		911BAC4820E1D42400CD764C /* Build configuration list for PBXNativeTarget "TastefulBeers" */ = {
			isa = XCConfigurationList;
			buildConfigurations = (
				911BAC4920E1D42400CD764C /* Debug */,
				911BAC4A20E1D42400CD764C /* Release */,
			);
			defaultConfigurationIsVisible = 0;
			defaultConfigurationName = Release;
		};
		911BAC4B20E1D42400CD764C /* Build configuration list for PBXNativeTarget "TastefulBeersTests" */ = {
			isa = XCConfigurationList;
			buildConfigurations = (
				911BAC4C20E1D42400CD764C /* Debug */,
				911BAC4D20E1D42400CD764C /* Release */,
			);
			defaultConfigurationIsVisible = 0;
			defaultConfigurationName = Release;
		};
/* End XCConfigurationList section */
	};
	rootObject = 911BAC2320E1D42200CD764C /* Project object */;
}
